
Microsoft Visual Studio Solution File, Format Version 12.00
# Visual Studio Version 16
VisualStudioVersion = 16.0.31911.196
MinimumVisualStudioVersion = 10.0.40219.1
Project("{FAE04EC0-301F-11D3-BF4B-00C04F79EFBC}") = "CSV_Kullanim", "CSV_Kullanim\CSV_Kullanim.csproj", "{9352B2BD-4626-4A06-A8DB-D1E358E15726}"
EndProject
Global
	GlobalSection(SolutionConfigurationPlatforms) = preSolution
		Debug|Any CPU = Debug|Any CPU
		Release|Any CPU = Release|Any CPU
	EndGlobalSection
	GlobalSection(ProjectConfigurationPlatforms) = postSolution
		{9352B2BD-4626-4A06-A8DB-D1E358E15726}.Debug|Any CPU.ActiveCfg = Debug|Any CPU
		{9352B2BD-4626-4A06-A8DB-D1E358E15726}.Debug|Any CPU.Build.0 = Debug|Any CPU
		{9352B2BD-4626-4A06-A8DB-D1E358E15726}.Release|Any CPU.ActiveCfg = Release|Any CPU
		{9352B2BD-4626-4A06-A8DB-D1E358E15726}.Release|Any CPU.Build.0 = Release|Any CPU
	EndGlobalSection
	GlobalSection(SolutionProperties) = preSolution
		HideSolutionNode = FALSE
	EndGlobalSection
	GlobalSection(ExtensibilityGlobals) = postSolution
		SolutionGuid = {BF6F77CD-3147-47C9-B9CB-46E21FC1562E}
	EndGlobalSection
EndGlobal
